
Microsoft Visual Studio Solution File, Format Version 12.00
# Visual Studio Version 17
VisualStudioVersion = 17.6.33801.468
MinimumVisualStudioVersion = 10.0.40219.1
Project("{9A19103F-16F7-4668-BE54-9A1E7A4F7556}") = "1-FirstEndPoint", "1-FirstEndPoint\1-FirstEndPoint.csproj", "{F6ECD910-7CEC-46A2-8ACE-3AC5E822CFB6}"
EndProject
Project("{9A19103F-16F7-4668-BE54-9A1E7A4F7556}") = "2-Crud-Functionality", "2-Crud-Functionality\2-Crud-Functionality.csproj", "{A5204890-FE2D-4309-808F-FDEC5689C806}"
EndProject
Project("{9A19103F-16F7-4668-BE54-9A1E7A4F7556}") = "3-DI-DbContext", "3-DI-DbContext\3-DI-DbContext.csproj", "{A54216C8-8BFC-4C3E-8B2C-E3DCE638648E}"
EndProject
Project("{9A19103F-16F7-4668-BE54-9A1E7A4F7556}") = "4-AutoMapperWithDTO", "4-AutoMapperWithDTO\4-AutoMapperWithDTO.csproj", "{1D607659-93DC-4D10-A1E9-BA8F702595FE}"
EndProject
Project("{FAE04EC0-301F-11D3-BF4B-00C04F79EFBC}") = "5-Repository", "5-Repository\5-Repository.csproj", "{A5ACAB1A-D5B6-4C55-A25F-A9651F836882}"
EndProject
Global
	GlobalSection(SolutionConfigurationPlatforms) = preSolution
		Debug|Any CPU = Debug|Any CPU
		Release|Any CPU = Release|Any CPU
	EndGlobalSection
	GlobalSection(ProjectConfigurationPlatforms) = postSolution
		{F6ECD910-7CEC-46A2-8ACE-3AC5E822CFB6}.Debug|Any CPU.ActiveCfg = Debug|Any CPU
		{F6ECD910-7CEC-46A2-8ACE-3AC5E822CFB6}.Debug|Any CPU.Build.0 = Debug|Any CPU
		{F6ECD910-7CEC-46A2-8ACE-3AC5E822CFB6}.Release|Any CPU.ActiveCfg = Release|Any CPU
		{F6ECD910-7CEC-46A2-8ACE-3AC5E822CFB6}.Release|Any CPU.Build.0 = Release|Any CPU
		{A5204890-FE2D-4309-808F-FDEC5689C806}.Debug|Any CPU.ActiveCfg = Debug|Any CPU
		{A5204890-FE2D-4309-808F-FDEC5689C806}.Debug|Any CPU.Build.0 = Debug|Any CPU
		{A5204890-FE2D-4309-808F-FDEC5689C806}.Release|Any CPU.ActiveCfg = Release|Any CPU
		{A5204890-FE2D-4309-808F-FDEC5689C806}.Release|Any CPU.Build.0 = Release|Any CPU
		{A54216C8-8BFC-4C3E-8B2C-E3DCE638648E}.Debug|Any CPU.ActiveCfg = Debug|Any CPU
		{A54216C8-8BFC-4C3E-8B2C-E3DCE638648E}.Debug|Any CPU.Build.0 = Debug|Any CPU
		{A54216C8-8BFC-4C3E-8B2C-E3DCE638648E}.Release|Any CPU.ActiveCfg = Release|Any CPU
		{A54216C8-8BFC-4C3E-8B2C-E3DCE638648E}.Release|Any CPU.Build.0 = Release|Any CPU
		{1D607659-93DC-4D10-A1E9-BA8F702595FE}.Debug|Any CPU.ActiveCfg = Debug|Any CPU
		{1D607659-93DC-4D10-A1E9-BA8F702595FE}.Debug|Any CPU.Build.0 = Debug|Any CPU
		{1D607659-93DC-4D10-A1E9-BA8F702595FE}.Release|Any CPU.ActiveCfg = Release|Any CPU
		{1D607659-93DC-4D10-A1E9-BA8F702595FE}.Release|Any CPU.Build.0 = Release|Any CPU
		{A5ACAB1A-D5B6-4C55-A25F-A9651F836882}.Debug|Any CPU.ActiveCfg = Debug|Any CPU
		{A5ACAB1A-D5B6-4C55-A25F-A9651F836882}.Debug|Any CPU.Build.0 = Debug|Any CPU
		{A5ACAB1A-D5B6-4C55-A25F-A9651F836882}.Release|Any CPU.ActiveCfg = Release|Any CPU
		{A5ACAB1A-D5B6-4C55-A25F-A9651F836882}.Release|Any CPU.Build.0 = Release|Any CPU
	EndGlobalSection
	GlobalSection(SolutionProperties) = preSolution
		HideSolutionNode = FALSE
	EndGlobalSection
	GlobalSection(ExtensibilityGlobals) = postSolution
		SolutionGuid = {4A2A3045-72FB-4A9D-93FD-CD6E8AA77F51}
	EndGlobalSection
EndGlobal
