
Microsoft Visual Studio Solution File, Format Version 12.00
# Visual Studio Version 17
VisualStudioVersion = 17.6.33801.468
MinimumVisualStudioVersion = 10.0.40219.1
Project("{9A19103F-16F7-4668-BE54-9A1E7A4F7556}") = "1-FirstEndPoint", "1-FirstEndPoint.csproj", "{D1D015F1-45AE-4523-AA8F-39A7B1FADBD1}"
EndProject
Project("{9A19103F-16F7-4668-BE54-9A1E7A4F7556}") = "2-Crud-Functionality", "..\Crud-Functionality\2-Crud-Functionality.csproj", "{0C66857E-3FE0-415B-B31A-909CB3835300}"
EndProject
Project("{FAE04EC0-301F-11D3-BF4B-00C04F79EFBC}") = "3-DI-DbContext", "..\DI-DbContext\3-DI-DbContext.csproj", "{77FBDFBB-AB5D-420A-8156-7BCE8B66AB4D}"
EndProject
Global
	GlobalSection(SolutionConfigurationPlatforms) = preSolution
		Debug|Any CPU = Debug|Any CPU
		Release|Any CPU = Release|Any CPU
	EndGlobalSection
	GlobalSection(ProjectConfigurationPlatforms) = postSolution
		{D1D015F1-45AE-4523-AA8F-39A7B1FADBD1}.Debug|Any CPU.ActiveCfg = Debug|Any CPU
		{D1D015F1-45AE-4523-AA8F-39A7B1FADBD1}.Debug|Any CPU.Build.0 = Debug|Any CPU
		{D1D015F1-45AE-4523-AA8F-39A7B1FADBD1}.Release|Any CPU.ActiveCfg = Release|Any CPU
		{D1D015F1-45AE-4523-AA8F-39A7B1FADBD1}.Release|Any CPU.Build.0 = Release|Any CPU
		{0C66857E-3FE0-415B-B31A-909CB3835300}.Debug|Any CPU.ActiveCfg = Debug|Any CPU
		{0C66857E-3FE0-415B-B31A-909CB3835300}.Debug|Any CPU.Build.0 = Debug|Any CPU
		{0C66857E-3FE0-415B-B31A-909CB3835300}.Release|Any CPU.ActiveCfg = Release|Any CPU
		{0C66857E-3FE0-415B-B31A-909CB3835300}.Release|Any CPU.Build.0 = Release|Any CPU
		{77FBDFBB-AB5D-420A-8156-7BCE8B66AB4D}.Debug|Any CPU.ActiveCfg = Debug|Any CPU
		{77FBDFBB-AB5D-420A-8156-7BCE8B66AB4D}.Debug|Any CPU.Build.0 = Debug|Any CPU
		{77FBDFBB-AB5D-420A-8156-7BCE8B66AB4D}.Release|Any CPU.ActiveCfg = Release|Any CPU
		{77FBDFBB-AB5D-420A-8156-7BCE8B66AB4D}.Release|Any CPU.Build.0 = Release|Any CPU
	EndGlobalSection
	GlobalSection(SolutionProperties) = preSolution
		HideSolutionNode = FALSE
	EndGlobalSection
	GlobalSection(ExtensibilityGlobals) = postSolution
		SolutionGuid = {A60D24A5-774A-40CB-B3A4-A199C81E07F5}
	EndGlobalSection
EndGlobal
